
Microsoft Visual Studio Solution File, Format Version 12.00
# Visual Studio 15
VisualStudioVersion = 15.0.33026.149
MinimumVisualStudioVersion = 10.0.40219.1
Project("{FAE04EC0-301F-11D3-BF4B-00C04F79EFBC}") = "WindowsFormsApp5", "WindowsFormsApp5\WindowsFormsApp5.csproj", "{FDF242F2-EEFC-4DFC-9106-C540F7A1EDE0}"
EndProject
Global
	GlobalSection(SolutionConfigurationPlatforms) = preSolution
		Debug|Any CPU = Debug|Any CPU
		Release|Any CPU = Release|Any CPU
	EndGlobalSection
	GlobalSection(ProjectConfigurationPlatforms) = postSolution
		{FDF242F2-EEFC-4DFC-9106-C540F7A1EDE0}.Debug|Any CPU.ActiveCfg = Debug|Any CPU
		{FDF242F2-EEFC-4DFC-9106-C540F7A1EDE0}.Debug|Any CPU.Build.0 = Debug|Any CPU
		{FDF242F2-EEFC-4DFC-9106-C540F7A1EDE0}.Release|Any CPU.ActiveCfg = Release|Any CPU
		{FDF242F2-EEFC-4DFC-9106-C540F7A1EDE0}.Release|Any CPU.Build.0 = Release|Any CPU
	EndGlobalSection
	GlobalSection(SolutionProperties) = preSolution
		HideSolutionNode = FALSE
	EndGlobalSection
	GlobalSection(ExtensibilityGlobals) = postSolution
		SolutionGuid = {9B56B9E8-7AF9-4AE1-A21F-ACCD28A2B1BF}
	EndGlobalSection
EndGlobal
